
Microsoft Visual Studio Solution File, Format Version 12.00
# Visual Studio Version 17
VisualStudioVersion = 17.3.32811.315
MinimumVisualStudioVersion = 10.0.40219.1
Project("{FAE04EC0-301F-11D3-BF4B-00C04F79EFBC}") = "CGComercial", "CGComercial\CGComercial.csproj", "{6DEBF01D-0E51-48DD-B5FF-FDFDA3123A5C}"
EndProject
Project("{2150E333-8FDC-42A3-9474-1A3956D46DE8}") = "FormsCG", "FormsCG", "{DB24DA87-6E97-412C-A510-052C8BDA3149}"
EndProject
Global
	GlobalSection(SolutionConfigurationPlatforms) = preSolution
		Debug|Any CPU = Debug|Any CPU
		Release|Any CPU = Release|Any CPU
	EndGlobalSection
	GlobalSection(ProjectConfigurationPlatforms) = postSolution
		{6DEBF01D-0E51-48DD-B5FF-FDFDA3123A5C}.Debug|Any CPU.ActiveCfg = Debug|Any CPU
		{6DEBF01D-0E51-48DD-B5FF-FDFDA3123A5C}.Debug|Any CPU.Build.0 = Debug|Any CPU
		{6DEBF01D-0E51-48DD-B5FF-FDFDA3123A5C}.Release|Any CPU.ActiveCfg = Release|Any CPU
		{6DEBF01D-0E51-48DD-B5FF-FDFDA3123A5C}.Release|Any CPU.Build.0 = Release|Any CPU
	EndGlobalSection
	GlobalSection(SolutionProperties) = preSolution
		HideSolutionNode = FALSE
	EndGlobalSection
	GlobalSection(NestedProjects) = preSolution
		{6DEBF01D-0E51-48DD-B5FF-FDFDA3123A5C} = {DB24DA87-6E97-412C-A510-052C8BDA3149}
	EndGlobalSection
	GlobalSection(ExtensibilityGlobals) = postSolution
		SolutionGuid = {9A8811BB-9D51-4868-9923-F8F327C4E70E}
	EndGlobalSection
EndGlobal
